// !$*UTF8*$!
{
	archiveVersion = 1;
	classes = {
	};
	objectVersion = 46;
	objects = {

/* Begin PBXBuildFile section */
		BAB82F6F1BF020E200EEC006 /* main.swift in Sources */ = {isa = PBXBuildFile; fileRef = BAB82F6E1BF020E200EEC006 /* main.swift */; };
		BAB82F761BF0212400EEC006 /* SwiftGeoTools.swift in Sources */ = {isa = PBXBuildFile; fileRef = BAB82F751BF0212400EEC006 /* SwiftGeoTools.swift */; };
		BAB82F7E1BF0213E00EEC006 /* SwiftGeoToolsTests.swift in Sources */ = {isa = PBXBuildFile; fileRef = BAB82F7D1BF0213E00EEC006 /* SwiftGeoToolsTests.swift */; };
/* End PBXBuildFile section */

/* Begin PBXCopyFilesBuildPhase section */
		BAB82F691BF020E100EEC006 /* CopyFiles */ = {
			isa = PBXCopyFilesBuildPhase;
			buildActionMask = 2147483647;
			dstPath = /usr/share/man/man1/;
			dstSubfolderSpec = 0;
			files = (
			);
			runOnlyForDeploymentPostprocessing = 1;
		};
/* End PBXCopyFilesBuildPhase section */

/* Begin PBXFileReference section */
		BAB82F6B1BF020E100EEC006 /* SwiftGeoTools */ = {isa = PBXFileReference; explicitFileType = "compiled.mach-o.executable"; includeInIndex = 0; path = SwiftGeoTools; sourceTree = BUILT_PRODUCTS_DIR; };
		BAB82F6E1BF020E200EEC006 /* main.swift */ = {isa = PBXFileReference; lastKnownFileType = sourcecode.swift; path = main.swift; sourceTree = "<group>"; };
		BAB82F751BF0212400EEC006 /* SwiftGeoTools.swift */ = {isa = PBXFileReference; fileEncoding = 4; lastKnownFileType = sourcecode.swift; path = SwiftGeoTools.swift; sourceTree = "<group>"; };
		BAB82F7B1BF0213E00EEC006 /* SwiftGeoToolsTests.xctest */ = {isa = PBXFileReference; explicitFileType = wrapper.cfbundle; includeInIndex = 0; path = SwiftGeoToolsTests.xctest; sourceTree = BUILT_PRODUCTS_DIR; };
		BAB82F7D1BF0213E00EEC006 /* SwiftGeoToolsTests.swift */ = {isa = PBXFileReference; lastKnownFileType = sourcecode.swift; path = SwiftGeoToolsTests.swift; sourceTree = "<group>"; };
		BAB82F7F1BF0213E00EEC006 /* Info.plist */ = {isa = PBXFileReference; lastKnownFileType = text.plist.xml; path = Info.plist; sourceTree = "<group>"; };
/* End PBXFileReference section */

/* Begin PBXFrameworksBuildPhase section */
		BAB82F681BF020E100EEC006 /* Frameworks */ = {
			isa = PBXFrameworksBuildPhase;
			buildActionMask = 2147483647;
			files = (
			);
			runOnlyForDeploymentPostprocessing = 0;
		};
		BAB82F781BF0213E00EEC006 /* Frameworks */ = {
			isa = PBXFrameworksBuildPhase;
			buildActionMask = 2147483647;
			files = (
			);
			runOnlyForDeploymentPostprocessing = 0;
		};
/* End PBXFrameworksBuildPhase section */

/* Begin PBXGroup section */
		BAB82F621BF020E100EEC006 = {
			isa = PBXGroup;
			children = (
				BAB82F6D1BF020E200EEC006 /* SwiftGeoTools */,
				BAB82F7C1BF0213E00EEC006 /* SwiftGeoToolsTests */,
				BAB82F6C1BF020E200EEC006 /* Products */,
			);
			sourceTree = "<group>";
		};
		BAB82F6C1BF020E200EEC006 /* Products */ = {
			isa = PBXGroup;
			children = (
				BAB82F6B1BF020E100EEC006 /* SwiftGeoTools */,
				BAB82F7B1BF0213E00EEC006 /* SwiftGeoToolsTests.xctest */,
			);
			name = Products;
			sourceTree = "<group>";
		};
		BAB82F6D1BF020E200EEC006 /* SwiftGeoTools */ = {
			isa = PBXGroup;
			children = (
				BAB82F6E1BF020E200EEC006 /* main.swift */,
				BAB82F751BF0212400EEC006 /* SwiftGeoTools.swift */,
			);
			path = SwiftGeoTools;
			sourceTree = "<group>";
		};
		BAB82F7C1BF0213E00EEC006 /* SwiftGeoToolsTests */ = {
			isa = PBXGroup;
			children = (
				BAB82F7D1BF0213E00EEC006 /* SwiftGeoToolsTests.swift */,
				BAB82F7F1BF0213E00EEC006 /* Info.plist */,
			);
			path = SwiftGeoToolsTests;
			sourceTree = "<group>";
		};
/* End PBXGroup section */

/* Begin PBXNativeTarget section */
		BAB82F6A1BF020E100EEC006 /* SwiftGeoTools */ = {
			isa = PBXNativeTarget;
			buildConfigurationList = BAB82F721BF020E200EEC006 /* Build configuration list for PBXNativeTarget "SwiftGeoTools" */;
			buildPhases = (
				BAB82F671BF020E100EEC006 /* Sources */,
				BAB82F681BF020E100EEC006 /* Frameworks */,
				BAB82F691BF020E100EEC006 /* CopyFiles */,
			);
			buildRules = (
			);
			dependencies = (
			);
			name = SwiftGeoTools;
			productName = SwiftGeoTools;
			productReference = BAB82F6B1BF020E100EEC006 /* SwiftGeoTools */;
			productType = "com.apple.product-type.tool";
		};
		BAB82F7A1BF0213E00EEC006 /* SwiftGeoToolsTests */ = {
			isa = PBXNativeTarget;
			buildConfigurationList = BAB82F801BF0213E00EEC006 /* Build configuration list for PBXNativeTarget "SwiftGeoToolsTests" */;
			buildPhases = (
				BAB82F771BF0213E00EEC006 /* Sources */,
				BAB82F781BF0213E00EEC006 /* Frameworks */,
				BAB82F791BF0213E00EEC006 /* Resources */,
			);
			buildRules = (
			);
			dependencies = (
			);
			name = SwiftGeoToolsTests;
			productName = SwiftGeoToolsTests;
			productReference = BAB82F7B1BF0213E00EEC006 /* SwiftGeoToolsTests.xctest */;
			productType = "com.apple.product-type.bundle.unit-test";
		};
/* End PBXNativeTarget section */

/* Begin PBXProject section */
		BAB82F631BF020E100EEC006 /* Project object */ = {
			isa = PBXProject;
			attributes = {
				LastSwiftUpdateCheck = 0710;
				LastUpgradeCheck = 0710;
				ORGANIZATIONNAME = djmckee;
				TargetAttributes = {
					BAB82F6A1BF020E100EEC006 = {
						CreatedOnToolsVersion = 7.1;
					};
					BAB82F7A1BF0213E00EEC006 = {
						CreatedOnToolsVersion = 7.1;
					};
				};
			};
			buildConfigurationList = BAB82F661BF020E100EEC006 /* Build configuration list for PBXProject "SwiftGeoTools" */;
			compatibilityVersion = "Xcode 3.2";
			developmentRegion = English;
			hasScannedForEncodings = 0;
			knownRegions = (
				en,
			);
			mainGroup = BAB82F621BF020E100EEC006;
			productRefGroup = BAB82F6C1BF020E200EEC006 /* Products */;
			projectDirPath = "";
			projectRoot = "";
			targets = (
				BAB82F6A1BF020E100EEC006 /* SwiftGeoTools */,
				BAB82F7A1BF0213E00EEC006 /* SwiftGeoToolsTests */,
			);
		};
/* End PBXProject section */

/* Begin PBXResourcesBuildPhase section */
		BAB82F791BF0213E00EEC006 /* Resources */ = {
			isa = PBXResourcesBuildPhase;
			buildActionMask = 2147483647;
			files = (
			);
			runOnlyForDeploymentPostprocessing = 0;
		};
/* End PBXResourcesBuildPhase section */

/* Begin PBXSourcesBuildPhase section */
		BAB82F671BF020E100EEC006 /* Sources */ = {
			isa = PBXSourcesBuildPhase;
			buildActionMask = 2147483647;
			files = (
				BAB82F6F1BF020E200EEC006 /* main.swift in Sources */,
				BAB82F761BF0212400EEC006 /* SwiftGeoTools.swift in Sources */,
			);
			runOnlyForDeploymentPostprocessing = 0;
		};
		BAB82F771BF0213E00EEC006 /* Sources */ = {
			isa = PBXSourcesBuildPhase;
			buildActionMask = 2147483647;
			files = (
				BAB82F7E1BF0213E00EEC006 /* SwiftGeoToolsTests.swift in Sources */,
			);
			runOnlyForDeploymentPostprocessing = 0;
		};
/* End PBXSourcesBuildPhase section */

/* Begin XCBuildConfiguration section */
		BAB82F701BF020E200EEC006 /* Debug */ = {
			isa = XCBuildConfiguration;
			buildSettings = {
				ALWAYS_SEARCH_USER_PATHS = NO;
				CLANG_CXX_LANGUAGE_STANDARD = "gnu++0x";
				CLANG_CXX_LIBRARY = "libc++";
				CLANG_ENABLE_MODULES = YES;
				CLANG_ENABLE_OBJC_ARC = YES;
				CLANG_WARN_BOOL_CONVERSION = YES;
				CLANG_WARN_CONSTANT_CONVERSION = YES;
				CLANG_WARN_DIRECT_OBJC_ISA_USAGE = YES_ERROR;
				CLANG_WARN_EMPTY_BODY = YES;
				CLANG_WARN_ENUM_CONVERSION = YES;
				CLANG_WARN_INT_CONVERSION = YES;
				CLANG_WARN_OBJC_ROOT_CLASS = YES_ERROR;
				CLANG_WARN_UNREACHABLE_CODE = YES;
				CLANG_WARN__DUPLICATE_METHOD_MATCH = YES;
				CODE_SIGN_IDENTITY = "-";
				COPY_PHASE_STRIP = NO;
				DEBUG_INFORMATION_FORMAT = dwarf;
				ENABLE_STRICT_OBJC_MSGSEND = YES;
				ENABLE_TESTABILITY = YES;
				GCC_C_LANGUAGE_STANDARD = gnu99;
				GCC_DYNAMIC_NO_PIC = NO;
				GCC_NO_COMMON_BLOCKS = YES;
				GCC_OPTIMIZATION_LEVEL = 0;
				GCC_PREPROCESSOR_DEFINITIONS = (
					"DEBUG=1",
					"$(inherited)",
				);
				GCC_WARN_64_TO_32_BIT_CONVERSION = YES;
				GCC_WARN_ABOUT_RETURN_TYPE = YES_ERROR;
				GCC_WARN_UNDECLARED_SELECTOR = YES;
				GCC_WARN_UNINITIALIZED_AUTOS = YES_AGGRESSIVE;
				GCC_WARN_UNUSED_FUNCTION = YES;
				GCC_WARN_UNUSED_VARIABLE = YES;
				MACOSX_DEPLOYMENT_TARGET = 10.11;
				MTL_ENABLE_DEBUG_INFO = YES;
				ONLY_ACTIVE_ARCH = YES;
				SDKROOT = macosx;
				SWIFT_OPTIMIZATION_LEVEL = "-Onone";
			};
			name = Debug;
		};
		BAB82F711BF020E200EEC006 /* Release */ = {
			isa = XCBuildConfiguration;
			buildSettings = {
				ALWAYS_SEARCH_USER_PATHS = NO;
				CLANG_CXX_LANGUAGE_STANDARD = "gnu++0x";
				CLANG_CXX_LIBRARY = "libc++";
				CLANG_ENABLE_MODULES = YES;
				CLANG_ENABLE_OBJC_ARC = YES;
				CLANG_WARN_BOOL_CONVERSION = YES;
				CLANG_WARN_CONSTANT_CONVERSION = YES;
				CLANG_WARN_DIRECT_OBJC_ISA_USAGE = YES_ERROR;
				CLANG_WARN_EMPTY_BODY = YES;
				CLANG_WARN_ENUM_CONVERSION = YES;
				CLANG_WARN_INT_CONVERSION = YES;
				CLANG_WARN_OBJC_ROOT_CLASS = YES_ERROR;
				CLANG_WARN_UNREACHABLE_CODE = YES;
				CLANG_WARN__DUPLICATE_METHOD_MATCH = YES;
				CODE_SIGN_IDENTITY = "-";
				COPY_PHASE_STRIP = NO;
				DEBUG_INFORMATION_FORMAT = "dwarf-with-dsym";
				ENABLE_NS_ASSERTIONS = NO;
				ENABLE_STRICT_OBJC_MSGSEND = YES;
				GCC_C_LANGUAGE_STANDARD = gnu99;
				GCC_NO_COMMON_BLOCKS = YES;
				GCC_WARN_64_TO_32_BIT_CONVERSION = YES;
				GCC_WARN_ABOUT_RETURN_TYPE = YES_ERROR;
				GCC_WARN_UNDECLARED_SELECTOR = YES;
				GCC_WARN_UNINITIALIZED_AUTOS = YES_AGGRESSIVE;
				GCC_WARN_UNUSED_FUNCTION = YES;
				GCC_WARN_UNUSED_VARIABLE = YES;
				MACOSX_DEPLOYMENT_TARGET = 10.11;
				MTL_ENABLE_DEBUG_INFO = NO;
				SDKROOT = macosx;
			};
			name = Release;
		};
		BAB82F731BF020E200EEC006 /* Debug */ = {
			isa = XCBuildConfiguration;
			buildSettings = {
				PRODUCT_NAME = "$(TARGET_NAME)";
			};
			name = Debug;
		};
		BAB82F741BF020E200EEC006 /* Release */ = {
			isa = XCBuildConfiguration;
			buildSettings = {
				PRODUCT_NAME = "$(TARGET_NAME)";
			};
			name = Release;
		};
		BAB82F811BF0213E00EEC006 /* Debug */ = {
			isa = XCBuildConfiguration;
			buildSettings = {
				COMBINE_HIDPI_IMAGES = YES;
				INFOPLIST_FILE = SwiftGeoToolsTests/Info.plist;
				LD_RUNPATH_SEARCH_PATHS = "$(inherited) @executable_path/../Frameworks @loader_path/../Frameworks";
				PRODUCT_BUNDLE_IDENTIFIER = uk.co.djmckee.SwiftGeoToolsTests;
				PRODUCT_NAME = "$(TARGET_NAME)";
			};
			name = Debug;
		};
		BAB82F821BF0213E00EEC006 /* Release */ = {
			isa = XCBuildConfiguration;
			buildSettings = {
				COMBINE_HIDPI_IMAGES = YES;
				INFOPLIST_FILE = SwiftGeoToolsTests/Info.plist;
				LD_RUNPATH_SEARCH_PATHS = "$(inherited) @executable_path/../Frameworks @loader_path/../Frameworks";
				PRODUCT_BUNDLE_IDENTIFIER = uk.co.djmckee.SwiftGeoToolsTests;
				PRODUCT_NAME = "$(TARGET_NAME)";
			};
			name = Release;
		};
/* End XCBuildConfiguration section */

/* Begin XCConfigurationList section */
		BAB82F661BF020E100EEC006 /* Build configuration list for PBXProject "SwiftGeoTools" */ = {
			isa = XCConfigurationList;
			buildConfigurations = (
				BAB82F701BF020E200EEC006 /* Debug */,
				BAB82F711BF020E200EEC006 /* Release */,
			);
			defaultConfigurationIsVisible = 0;
			defaultConfigurationName = Release;
		};
		BAB82F721BF020E200EEC006 /* Build configuration list for PBXNativeTarget "SwiftGeoTools" */ = {
			isa = XCConfigurationList;
			buildConfigurations = (
				BAB82F731BF020E200EEC006 /* Debug */,
				BAB82F741BF020E200EEC006 /* Release */,
			);
			defaultConfigurationIsVisible = 0;
		};
		BAB82F801BF0213E00EEC006 /* Build configuration list for PBXNativeTarget "SwiftGeoToolsTests" */ = {
			isa = XCConfigurationList;
			buildConfigurations = (
				BAB82F811BF0213E00EEC006 /* Debug */,
				BAB82F821BF0213E00EEC006 /* Release */,
			);
			defaultConfigurationIsVisible = 0;
		};
/* End XCConfigurationList section */
	};
	rootObject = BAB82F631BF020E100EEC006 /* Project object */;
}
